// !$*UTF8*$!
{
	archiveVersion = 1;
	classes = {
	};
	objectVersion = 55;
	objects = {

/* Begin PBXBuildFile section */
		002A215527792EE700E97313 /* HomeButton.swift in Sources */ = {isa = PBXBuildFile; fileRef = 002A215427792EE700E97313 /* HomeButton.swift */; };
		002A21572779324400E97313 /* DictionaryView.swift in Sources */ = {isa = PBXBuildFile; fileRef = 002A21562779324400E97313 /* DictionaryView.swift */; };
		002A215B2779329800E97313 /* BrailleView.swift in Sources */ = {isa = PBXBuildFile; fileRef = 002A215A2779329800E97313 /* BrailleView.swift */; };
		002A215E2779390800E97313 /* Symbol.swift in Sources */ = {isa = PBXBuildFile; fileRef = 002A215D2779390800E97313 /* Symbol.swift */; };
		002A21602779420900E97313 /* BrailleViewButton.swift in Sources */ = {isa = PBXBuildFile; fileRef = 002A215F2779420900E97313 /* BrailleViewButton.swift */; };
		002A2162277943CE00E97313 /* BrailleTextView.swift in Sources */ = {isa = PBXBuildFile; fileRef = 002A2161277943CE00E97313 /* BrailleTextView.swift */; };
		002A216527798A9500E97313 /* Colors.swift in Sources */ = {isa = PBXBuildFile; fileRef = 002A216427798A9500E97313 /* Colors.swift */; };
		002A2167277990C100E97313 /* Number.swift in Sources */ = {isa = PBXBuildFile; fileRef = 002A2166277990C100E97313 /* Number.swift */; };
		002A2169277990E500E97313 /* Letter.swift in Sources */ = {isa = PBXBuildFile; fileRef = 002A2168277990E500E97313 /* Letter.swift */; };
		002A216C2779917C00E97313 /* BrailleRepresentable.swift in Sources */ = {isa = PBXBuildFile; fileRef = 002A216B2779917C00E97313 /* BrailleRepresentable.swift */; };
		00464796277BC59D006591D6 /* KeyboardViewButton.swift in Sources */ = {isa = PBXBuildFile; fileRef = 00464795277BC59D006591D6 /* KeyboardViewButton.swift */; };
		00464799277BD1A7006591D6 /* Array+Extensions.swift in Sources */ = {isa = PBXBuildFile; fileRef = 00464798277BD1A7006591D6 /* Array+Extensions.swift */; };
		00B8A21927792B5C002C11BD /* BrailleTeacherApp.swift in Sources */ = {isa = PBXBuildFile; fileRef = 00B8A21827792B5C002C11BD /* BrailleTeacherApp.swift */; };
		00B8A21B27792B5C002C11BD /* HomeView.swift in Sources */ = {isa = PBXBuildFile; fileRef = 00B8A21A27792B5C002C11BD /* HomeView.swift */; };
		00B8A21D27792B5F002C11BD /* Assets.xcassets in Resources */ = {isa = PBXBuildFile; fileRef = 00B8A21C27792B5F002C11BD /* Assets.xcassets */; };
		00B8A22027792B5F002C11BD /* Preview Assets.xcassets in Resources */ = {isa = PBXBuildFile; fileRef = 00B8A21F27792B5F002C11BD /* Preview Assets.xcassets */; };
		00B8A22A27792B60002C11BD /* BrailleTeacherTests.swift in Sources */ = {isa = PBXBuildFile; fileRef = 00B8A22927792B60002C11BD /* BrailleTeacherTests.swift */; };
		00B8A23427792B60002C11BD /* BrailleTeacherUITests.swift in Sources */ = {isa = PBXBuildFile; fileRef = 00B8A23327792B60002C11BD /* BrailleTeacherUITests.swift */; };
		00B8A23627792B60002C11BD /* BrailleTeacherUITestsLaunchTests.swift in Sources */ = {isa = PBXBuildFile; fileRef = 00B8A23527792B60002C11BD /* BrailleTeacherUITestsLaunchTests.swift */; };
		00E43CAB277A71D0003EA825 /* ClassListView.swift in Sources */ = {isa = PBXBuildFile; fileRef = 00E43CAA277A71D0003EA825 /* ClassListView.swift */; };
		00E43CAE277A727E003EA825 /* Class.swift in Sources */ = {isa = PBXBuildFile; fileRef = 00E43CAD277A727E003EA825 /* Class.swift */; };
		00E43CB0277A734E003EA825 /* ClassList.swift in Sources */ = {isa = PBXBuildFile; fileRef = 00E43CAF277A734E003EA825 /* ClassList.swift */; };
		00E43CB6277A76F5003EA825 /* ClassPlan.swift in Sources */ = {isa = PBXBuildFile; fileRef = 00E43CB5277A76F5003EA825 /* ClassPlan.swift */; };
		00E43CB8277A7727003EA825 /* ClassChallenge.swift in Sources */ = {isa = PBXBuildFile; fileRef = 00E43CB7277A7727003EA825 /* ClassChallenge.swift */; };
		00E43CBA277A7772003EA825 /* ClassChallengeType.swift in Sources */ = {isa = PBXBuildFile; fileRef = 00E43CB9277A7772003EA825 /* ClassChallengeType.swift */; };
		00E43CBC277A79A6003EA825 /* ClassView.swift in Sources */ = {isa = PBXBuildFile; fileRef = 00E43CBB277A79A6003EA825 /* ClassView.swift */; };
		00E43CBE277AC0FE003EA825 /* ClassDifficulty.swift in Sources */ = {isa = PBXBuildFile; fileRef = 00E43CBD277AC0FE003EA825 /* ClassDifficulty.swift */; };
		00E43CC0277AC210003EA825 /* KeyboardView.swift in Sources */ = {isa = PBXBuildFile; fileRef = 00E43CBF277AC210003EA825 /* KeyboardView.swift */; };
		00E43CC2277AC396003EA825 /* AnswersManager.swift in Sources */ = {isa = PBXBuildFile; fileRef = 00E43CC1277AC396003EA825 /* AnswersManager.swift */; };
/* End PBXBuildFile section */

/* Begin PBXContainerItemProxy section */
		00B8A22627792B60002C11BD /* PBXContainerItemProxy */ = {
			isa = PBXContainerItemProxy;
			containerPortal = 00B8A20D27792B5C002C11BD /* Project object */;
			proxyType = 1;
			remoteGlobalIDString = 00B8A21427792B5C002C11BD;
			remoteInfo = BrailleTeacher;
		};
		00B8A23027792B60002C11BD /* PBXContainerItemProxy */ = {
			isa = PBXContainerItemProxy;
			containerPortal = 00B8A20D27792B5C002C11BD /* Project object */;
			proxyType = 1;
			remoteGlobalIDString = 00B8A21427792B5C002C11BD;
			remoteInfo = BrailleTeacher;
		};
/* End PBXContainerItemProxy section */

/* Begin PBXFileReference section */
		002A215427792EE700E97313 /* HomeButton.swift */ = {isa = PBXFileReference; lastKnownFileType = sourcecode.swift; path = HomeButton.swift; sourceTree = "<group>"; };
		002A21562779324400E97313 /* DictionaryView.swift */ = {isa = PBXFileReference; lastKnownFileType = sourcecode.swift; path = DictionaryView.swift; sourceTree = "<group>"; };
		002A215A2779329800E97313 /* BrailleView.swift */ = {isa = PBXFileReference; lastKnownFileType = sourcecode.swift; path = BrailleView.swift; sourceTree = "<group>"; };
		002A215D2779390800E97313 /* Symbol.swift */ = {isa = PBXFileReference; lastKnownFileType = sourcecode.swift; path = Symbol.swift; sourceTree = "<group>"; };
		002A215F2779420900E97313 /* BrailleViewButton.swift */ = {isa = PBXFileReference; lastKnownFileType = sourcecode.swift; path = BrailleViewButton.swift; sourceTree = "<group>"; };
		002A2161277943CE00E97313 /* BrailleTextView.swift */ = {isa = PBXFileReference; lastKnownFileType = sourcecode.swift; path = BrailleTextView.swift; sourceTree = "<group>"; };
		002A216427798A9500E97313 /* Colors.swift */ = {isa = PBXFileReference; lastKnownFileType = sourcecode.swift; path = Colors.swift; sourceTree = "<group>"; };
		002A2166277990C100E97313 /* Number.swift */ = {isa = PBXFileReference; lastKnownFileType = sourcecode.swift; path = Number.swift; sourceTree = "<group>"; };
		002A2168277990E500E97313 /* Letter.swift */ = {isa = PBXFileReference; lastKnownFileType = sourcecode.swift; path = Letter.swift; sourceTree = "<group>"; };
		002A216B2779917C00E97313 /* BrailleRepresentable.swift */ = {isa = PBXFileReference; lastKnownFileType = sourcecode.swift; path = BrailleRepresentable.swift; sourceTree = "<group>"; };
		00464795277BC59D006591D6 /* KeyboardViewButton.swift */ = {isa = PBXFileReference; lastKnownFileType = sourcecode.swift; path = KeyboardViewButton.swift; sourceTree = "<group>"; };
		00464798277BD1A7006591D6 /* Array+Extensions.swift */ = {isa = PBXFileReference; lastKnownFileType = sourcecode.swift; path = "Array+Extensions.swift"; sourceTree = "<group>"; };
		00B8A21527792B5C002C11BD /* BrailleTeacher.app */ = {isa = PBXFileReference; explicitFileType = wrapper.application; includeInIndex = 0; path = BrailleTeacher.app; sourceTree = BUILT_PRODUCTS_DIR; };
		00B8A21827792B5C002C11BD /* BrailleTeacherApp.swift */ = {isa = PBXFileReference; lastKnownFileType = sourcecode.swift; path = BrailleTeacherApp.swift; sourceTree = "<group>"; };
		00B8A21A27792B5C002C11BD /* HomeView.swift */ = {isa = PBXFileReference; lastKnownFileType = sourcecode.swift; path = HomeView.swift; sourceTree = "<group>"; };
		00B8A21C27792B5F002C11BD /* Assets.xcassets */ = {isa = PBXFileReference; lastKnownFileType = folder.assetcatalog; path = Assets.xcassets; sourceTree = "<group>"; };
		00B8A21F27792B5F002C11BD /* Preview Assets.xcassets */ = {isa = PBXFileReference; lastKnownFileType = folder.assetcatalog; path = "Preview Assets.xcassets"; sourceTree = "<group>"; };
		00B8A22527792B60002C11BD /* BrailleTeacherTests.xctest */ = {isa = PBXFileReference; explicitFileType = wrapper.cfbundle; includeInIndex = 0; path = BrailleTeacherTests.xctest; sourceTree = BUILT_PRODUCTS_DIR; };
		00B8A22927792B60002C11BD /* BrailleTeacherTests.swift */ = {isa = PBXFileReference; lastKnownFileType = sourcecode.swift; path = BrailleTeacherTests.swift; sourceTree = "<group>"; };
		00B8A22F27792B60002C11BD /* BrailleTeacherUITests.xctest */ = {isa = PBXFileReference; explicitFileType = wrapper.cfbundle; includeInIndex = 0; path = BrailleTeacherUITests.xctest; sourceTree = BUILT_PRODUCTS_DIR; };
		00B8A23327792B60002C11BD /* BrailleTeacherUITests.swift */ = {isa = PBXFileReference; lastKnownFileType = sourcecode.swift; path = BrailleTeacherUITests.swift; sourceTree = "<group>"; };
		00B8A23527792B60002C11BD /* BrailleTeacherUITestsLaunchTests.swift */ = {isa = PBXFileReference; lastKnownFileType = sourcecode.swift; path = BrailleTeacherUITestsLaunchTests.swift; sourceTree = "<group>"; };
		00E43CAA277A71D0003EA825 /* ClassListView.swift */ = {isa = PBXFileReference; lastKnownFileType = sourcecode.swift; path = ClassListView.swift; sourceTree = "<group>"; };
		00E43CAD277A727E003EA825 /* Class.swift */ = {isa = PBXFileReference; lastKnownFileType = sourcecode.swift; path = Class.swift; sourceTree = "<group>"; };
		00E43CAF277A734E003EA825 /* ClassList.swift */ = {isa = PBXFileReference; lastKnownFileType = sourcecode.swift; path = ClassList.swift; sourceTree = "<group>"; };
		00E43CB5277A76F5003EA825 /* ClassPlan.swift */ = {isa = PBXFileReference; lastKnownFileType = sourcecode.swift; path = ClassPlan.swift; sourceTree = "<group>"; };
		00E43CB7277A7727003EA825 /* ClassChallenge.swift */ = {isa = PBXFileReference; lastKnownFileType = sourcecode.swift; path = ClassChallenge.swift; sourceTree = "<group>"; };
		00E43CB9277A7772003EA825 /* ClassChallengeType.swift */ = {isa = PBXFileReference; lastKnownFileType = sourcecode.swift; path = ClassChallengeType.swift; sourceTree = "<group>"; };
		00E43CBB277A79A6003EA825 /* ClassView.swift */ = {isa = PBXFileReference; lastKnownFileType = sourcecode.swift; path = ClassView.swift; sourceTree = "<group>"; };
		00E43CBD277AC0FE003EA825 /* ClassDifficulty.swift */ = {isa = PBXFileReference; lastKnownFileType = sourcecode.swift; path = ClassDifficulty.swift; sourceTree = "<group>"; };
		00E43CBF277AC210003EA825 /* KeyboardView.swift */ = {isa = PBXFileReference; lastKnownFileType = sourcecode.swift; path = KeyboardView.swift; sourceTree = "<group>"; };
		00E43CC1277AC396003EA825 /* AnswersManager.swift */ = {isa = PBXFileReference; lastKnownFileType = sourcecode.swift; path = AnswersManager.swift; sourceTree = "<group>"; };
/* End PBXFileReference section */

/* Begin PBXFrameworksBuildPhase section */
		00B8A21227792B5C002C11BD /* Frameworks */ = {
			isa = PBXFrameworksBuildPhase;
			buildActionMask = 2147483647;
			files = (
			);
			runOnlyForDeploymentPostprocessing = 0;
		};
		00B8A22227792B60002C11BD /* Frameworks */ = {
			isa = PBXFrameworksBuildPhase;
			buildActionMask = 2147483647;
			files = (
			);
			runOnlyForDeploymentPostprocessing = 0;
		};
		00B8A22C27792B60002C11BD /* Frameworks */ = {
			isa = PBXFrameworksBuildPhase;
			buildActionMask = 2147483647;
			files = (
			);
			runOnlyForDeploymentPostprocessing = 0;
		};
/* End PBXFrameworksBuildPhase section */

/* Begin PBXGroup section */
		002A215327792EBD00E97313 /* Components */ = {
			isa = PBXGroup;
			children = (
				002A215427792EE700E97313 /* HomeButton.swift */,
				002A215A2779329800E97313 /* BrailleView.swift */,
				002A215F2779420900E97313 /* BrailleViewButton.swift */,
				002A2161277943CE00E97313 /* BrailleTextView.swift */,
				00E43CBF277AC210003EA825 /* KeyboardView.swift */,
				00464795277BC59D006591D6 /* KeyboardViewButton.swift */,
			);
			path = Components;
			sourceTree = "<group>";
		};
		002A21582779325500E97313 /* Home */ = {
			isa = PBXGroup;
			children = (
				00B8A21A27792B5C002C11BD /* HomeView.swift */,
			);
			path = Home;
			sourceTree = "<group>";
		};
		002A21592779325E00E97313 /* Dictionary */ = {
			isa = PBXGroup;
			children = (
				002A21562779324400E97313 /* DictionaryView.swift */,
			);
			path = Dictionary;
			sourceTree = "<group>";
		};
		002A215C277938BF00E97313 /* Models */ = {
			isa = PBXGroup;
			children = (
				00E43CAC277A726A003EA825 /* Classes */,
				002A216A2779915B00E97313 /* Braille */,
			);
			path = Models;
			sourceTree = "<group>";
		};
		002A216327798A7E00E97313 /* Generated */ = {
			isa = PBXGroup;
			children = (
				002A216427798A9500E97313 /* Colors.swift */,
			);
			path = Generated;
			sourceTree = "<group>";
		};
		002A216A2779915B00E97313 /* Braille */ = {
			isa = PBXGroup;
			children = (
				002A215D2779390800E97313 /* Symbol.swift */,
				002A2166277990C100E97313 /* Number.swift */,
				002A2168277990E500E97313 /* Letter.swift */,
				002A216B2779917C00E97313 /* BrailleRepresentable.swift */,
			);
			path = Braille;
			sourceTree = "<group>";
		};
		00464797277BD18F006591D6 /* Extensions */ = {
			isa = PBXGroup;
			children = (
				00464798277BD1A7006591D6 /* Array+Extensions.swift */,
			);
			path = Extensions;
			sourceTree = "<group>";
		};
		00B8A20C27792B5C002C11BD = {
			isa = PBXGroup;
			children = (
				00B8A21727792B5C002C11BD /* BrailleTeacher */,
				00B8A22827792B60002C11BD /* BrailleTeacherTests */,
				00B8A23227792B60002C11BD /* BrailleTeacherUITests */,
				00B8A21627792B5C002C11BD /* Products */,
			);
			sourceTree = "<group>";
		};
		00B8A21627792B5C002C11BD /* Products */ = {
			isa = PBXGroup;
			children = (
				00B8A21527792B5C002C11BD /* BrailleTeacher.app */,
				00B8A22527792B60002C11BD /* BrailleTeacherTests.xctest */,
				00B8A22F27792B60002C11BD /* BrailleTeacherUITests.xctest */,
			);
			name = Products;
			sourceTree = "<group>";
		};
		00B8A21727792B5C002C11BD /* BrailleTeacher */ = {
			isa = PBXGroup;
			children = (
				00464797277BD18F006591D6 /* Extensions */,
				00E43CA9277A715E003EA825 /* Classes */,
				002A216327798A7E00E97313 /* Generated */,
				002A215C277938BF00E97313 /* Models */,
				002A21592779325E00E97313 /* Dictionary */,
				002A21582779325500E97313 /* Home */,
				002A215327792EBD00E97313 /* Components */,
				00B8A21827792B5C002C11BD /* BrailleTeacherApp.swift */,
				00B8A21C27792B5F002C11BD /* Assets.xcassets */,
				00B8A21E27792B5F002C11BD /* Preview Content */,
			);
			path = BrailleTeacher;
			sourceTree = "<group>";
		};
		00B8A21E27792B5F002C11BD /* Preview Content */ = {
			isa = PBXGroup;
			children = (
				00B8A21F27792B5F002C11BD /* Preview Assets.xcassets */,
			);
			path = "Preview Content";
			sourceTree = "<group>";
		};
		00B8A22827792B60002C11BD /* BrailleTeacherTests */ = {
			isa = PBXGroup;
			children = (
				00B8A22927792B60002C11BD /* BrailleTeacherTests.swift */,
			);
			path = BrailleTeacherTests;
			sourceTree = "<group>";
		};
		00B8A23227792B60002C11BD /* BrailleTeacherUITests */ = {
			isa = PBXGroup;
			children = (
				00B8A23327792B60002C11BD /* BrailleTeacherUITests.swift */,
				00B8A23527792B60002C11BD /* BrailleTeacherUITestsLaunchTests.swift */,
			);
			path = BrailleTeacherUITests;
			sourceTree = "<group>";
		};
		00E43CA9277A715E003EA825 /* Classes */ = {
			isa = PBXGroup;
			children = (
				00E43CB2277A7602003EA825 /* Detail */,
				00E43CB1277A75FA003EA825 /* List */,
			);
			path = Classes;
			sourceTree = "<group>";
		};
		00E43CAC277A726A003EA825 /* Classes */ = {
			isa = PBXGroup;
			children = (
				00E43CAD277A727E003EA825 /* Class.swift */,
				00E43CAF277A734E003EA825 /* ClassList.swift */,
				00E43CB5277A76F5003EA825 /* ClassPlan.swift */,
				00E43CB7277A7727003EA825 /* ClassChallenge.swift */,
				00E43CB9277A7772003EA825 /* ClassChallengeType.swift */,
				00E43CBD277AC0FE003EA825 /* ClassDifficulty.swift */,
			);
			path = Classes;
			sourceTree = "<group>";
		};
		00E43CB1277A75FA003EA825 /* List */ = {
			isa = PBXGroup;
			children = (
				00E43CAA277A71D0003EA825 /* ClassListView.swift */,
			);
			path = List;
			sourceTree = "<group>";
		};
		00E43CB2277A7602003EA825 /* Detail */ = {
			isa = PBXGroup;
			children = (
				00E43CBB277A79A6003EA825 /* ClassView.swift */,
				00E43CC1277AC396003EA825 /* AnswersManager.swift */,
			);
			path = Detail;
			sourceTree = "<group>";
		};
/* End PBXGroup section */

/* Begin PBXNativeTarget section */
		00B8A21427792B5C002C11BD /* BrailleTeacher */ = {
			isa = PBXNativeTarget;
			buildConfigurationList = 00B8A23927792B60002C11BD /* Build configuration list for PBXNativeTarget "BrailleTeacher" */;
			buildPhases = (
				00B8A21127792B5C002C11BD /* Sources */,
				00B8A21227792B5C002C11BD /* Frameworks */,
				00B8A21327792B5C002C11BD /* Resources */,
			);
			buildRules = (
			);
			dependencies = (
			);
			name = BrailleTeacher;
			productName = BrailleTeacher;
			productReference = 00B8A21527792B5C002C11BD /* BrailleTeacher.app */;
			productType = "com.apple.product-type.application";
		};
		00B8A22427792B60002C11BD /* BrailleTeacherTests */ = {
			isa = PBXNativeTarget;
			buildConfigurationList = 00B8A23C27792B60002C11BD /* Build configuration list for PBXNativeTarget "BrailleTeacherTests" */;
			buildPhases = (
				00B8A22127792B60002C11BD /* Sources */,
				00B8A22227792B60002C11BD /* Frameworks */,
				00B8A22327792B60002C11BD /* Resources */,
			);
			buildRules = (
			);
			dependencies = (
				00B8A22727792B60002C11BD /* PBXTargetDependency */,
			);
			name = BrailleTeacherTests;
			productName = BrailleTeacherTests;
			productReference = 00B8A22527792B60002C11BD /* BrailleTeacherTests.xctest */;
			productType = "com.apple.product-type.bundle.unit-test";
		};
		00B8A22E27792B60002C11BD /* BrailleTeacherUITests */ = {
			isa = PBXNativeTarget;
			buildConfigurationList = 00B8A23F27792B60002C11BD /* Build configuration list for PBXNativeTarget "BrailleTeacherUITests" */;
			buildPhases = (
				00B8A22B27792B60002C11BD /* Sources */,
				00B8A22C27792B60002C11BD /* Frameworks */,
				00B8A22D27792B60002C11BD /* Resources */,
			);
			buildRules = (
			);
			dependencies = (
				00B8A23127792B60002C11BD /* PBXTargetDependency */,
			);
			name = BrailleTeacherUITests;
			productName = BrailleTeacherUITests;
			productReference = 00B8A22F27792B60002C11BD /* BrailleTeacherUITests.xctest */;
			productType = "com.apple.product-type.bundle.ui-testing";
		};
/* End PBXNativeTarget section */

/* Begin PBXProject section */
		00B8A20D27792B5C002C11BD /* Project object */ = {
			isa = PBXProject;
			attributes = {
				BuildIndependentTargetsInParallel = 1;
				LastSwiftUpdateCheck = 1310;
				LastUpgradeCheck = 1310;
				TargetAttributes = {
					00B8A21427792B5C002C11BD = {
						CreatedOnToolsVersion = 13.1;
					};
					00B8A22427792B60002C11BD = {
						CreatedOnToolsVersion = 13.1;
						TestTargetID = 00B8A21427792B5C002C11BD;
					};
					00B8A22E27792B60002C11BD = {
						CreatedOnToolsVersion = 13.1;
						TestTargetID = 00B8A21427792B5C002C11BD;
					};
				};
			};
			buildConfigurationList = 00B8A21027792B5C002C11BD /* Build configuration list for PBXProject "BrailleTeacher" */;
			compatibilityVersion = "Xcode 13.0";
			developmentRegion = en;
			hasScannedForEncodings = 0;
			knownRegions = (
				en,
				Base,
			);
			mainGroup = 00B8A20C27792B5C002C11BD;
			productRefGroup = 00B8A21627792B5C002C11BD /* Products */;
			projectDirPath = "";
			projectRoot = "";
			targets = (
				00B8A21427792B5C002C11BD /* BrailleTeacher */,
				00B8A22427792B60002C11BD /* BrailleTeacherTests */,
				00B8A22E27792B60002C11BD /* BrailleTeacherUITests */,
			);
		};
/* End PBXProject section */

/* Begin PBXResourcesBuildPhase section */
		00B8A21327792B5C002C11BD /* Resources */ = {
			isa = PBXResourcesBuildPhase;
			buildActionMask = 2147483647;
			files = (
				00B8A22027792B5F002C11BD /* Preview Assets.xcassets in Resources */,
				00B8A21D27792B5F002C11BD /* Assets.xcassets in Resources */,
			);
			runOnlyForDeploymentPostprocessing = 0;
		};
		00B8A22327792B60002C11BD /* Resources */ = {
			isa = PBXResourcesBuildPhase;
			buildActionMask = 2147483647;
			files = (
			);
			runOnlyForDeploymentPostprocessing = 0;
		};
		00B8A22D27792B60002C11BD /* Resources */ = {
			isa = PBXResourcesBuildPhase;
			buildActionMask = 2147483647;
			files = (
			);
			runOnlyForDeploymentPostprocessing = 0;
		};
/* End PBXResourcesBuildPhase section */

/* Begin PBXSourcesBuildPhase section */
		00B8A21127792B5C002C11BD /* Sources */ = {
			isa = PBXSourcesBuildPhase;
			buildActionMask = 2147483647;
			files = (
				00E43CB6277A76F5003EA825 /* ClassPlan.swift in Sources */,
				00E43CAB277A71D0003EA825 /* ClassListView.swift in Sources */,
				002A216C2779917C00E97313 /* BrailleRepresentable.swift in Sources */,
				00E43CBA277A7772003EA825 /* ClassChallengeType.swift in Sources */,
				00E43CAE277A727E003EA825 /* Class.swift in Sources */,
				002A215B2779329800E97313 /* BrailleView.swift in Sources */,
				002A216527798A9500E97313 /* Colors.swift in Sources */,
				00E43CB0277A734E003EA825 /* ClassList.swift in Sources */,
				002A2167277990C100E97313 /* Number.swift in Sources */,
				00E43CC2277AC396003EA825 /* AnswersManager.swift in Sources */,
				00E43CC0277AC210003EA825 /* KeyboardView.swift in Sources */,
				002A21572779324400E97313 /* DictionaryView.swift in Sources */,
				00B8A21B27792B5C002C11BD /* HomeView.swift in Sources */,
				00E43CBC277A79A6003EA825 /* ClassView.swift in Sources */,
				002A2162277943CE00E97313 /* BrailleTextView.swift in Sources */,
				00E43CBE277AC0FE003EA825 /* ClassDifficulty.swift in Sources */,
				00464796277BC59D006591D6 /* KeyboardViewButton.swift in Sources */,
				002A215527792EE700E97313 /* HomeButton.swift in Sources */,
				002A21602779420900E97313 /* BrailleViewButton.swift in Sources */,
				00464799277BD1A7006591D6 /* Array+Extensions.swift in Sources */,
				00B8A21927792B5C002C11BD /* BrailleTeacherApp.swift in Sources */,
				002A2169277990E500E97313 /* Letter.swift in Sources */,
				00E43CB8277A7727003EA825 /* ClassChallenge.swift in Sources */,
				002A215E2779390800E97313 /* Symbol.swift in Sources */,
			);
			runOnlyForDeploymentPostprocessing = 0;
		};
		00B8A22127792B60002C11BD /* Sources */ = {
			isa = PBXSourcesBuildPhase;
			buildActionMask = 2147483647;
			files = (
				00B8A22A27792B60002C11BD /* BrailleTeacherTests.swift in Sources */,
			);
			runOnlyForDeploymentPostprocessing = 0;
		};
		00B8A22B27792B60002C11BD /* Sources */ = {
			isa = PBXSourcesBuildPhase;
			buildActionMask = 2147483647;
			files = (
				00B8A23427792B60002C11BD /* BrailleTeacherUITests.swift in Sources */,
				00B8A23627792B60002C11BD /* BrailleTeacherUITestsLaunchTests.swift in Sources */,
			);
			runOnlyForDeploymentPostprocessing = 0;
		};
/* End PBXSourcesBuildPhase section */

/* Begin PBXTargetDependency section */
		00B8A22727792B60002C11BD /* PBXTargetDependency */ = {
			isa = PBXTargetDependency;
			target = 00B8A21427792B5C002C11BD /* BrailleTeacher */;
			targetProxy = 00B8A22627792B60002C11BD /* PBXContainerItemProxy */;
		};
		00B8A23127792B60002C11BD /* PBXTargetDependency */ = {
			isa = PBXTargetDependency;
			target = 00B8A21427792B5C002C11BD /* BrailleTeacher */;
			targetProxy = 00B8A23027792B60002C11BD /* PBXContainerItemProxy */;
		};
/* End PBXTargetDependency section */

/* Begin XCBuildConfiguration section */
		00B8A23727792B60002C11BD /* Debug */ = {
			isa = XCBuildConfiguration;
			buildSettings = {
				ALWAYS_SEARCH_USER_PATHS = NO;
				CLANG_ANALYZER_NONNULL = YES;
				CLANG_ANALYZER_NUMBER_OBJECT_CONVERSION = YES_AGGRESSIVE;
				CLANG_CXX_LANGUAGE_STANDARD = "gnu++17";
				CLANG_CXX_LIBRARY = "libc++";
				CLANG_ENABLE_MODULES = YES;
				CLANG_ENABLE_OBJC_ARC = YES;
				CLANG_ENABLE_OBJC_WEAK = YES;
				CLANG_WARN_BLOCK_CAPTURE_AUTORELEASING = YES;
				CLANG_WARN_BOOL_CONVERSION = YES;
				CLANG_WARN_COMMA = YES;
				CLANG_WARN_CONSTANT_CONVERSION = YES;
				CLANG_WARN_DEPRECATED_OBJC_IMPLEMENTATIONS = YES;
				CLANG_WARN_DIRECT_OBJC_ISA_USAGE = YES_ERROR;
				CLANG_WARN_DOCUMENTATION_COMMENTS = YES;
				CLANG_WARN_EMPTY_BODY = YES;
				CLANG_WARN_ENUM_CONVERSION = YES;
				CLANG_WARN_INFINITE_RECURSION = YES;
				CLANG_WARN_INT_CONVERSION = YES;
				CLANG_WARN_NON_LITERAL_NULL_CONVERSION = YES;
				CLANG_WARN_OBJC_IMPLICIT_RETAIN_SELF = YES;
				CLANG_WARN_OBJC_LITERAL_CONVERSION = YES;
				CLANG_WARN_OBJC_ROOT_CLASS = YES_ERROR;
				CLANG_WARN_QUOTED_INCLUDE_IN_FRAMEWORK_HEADER = YES;
				CLANG_WARN_RANGE_LOOP_ANALYSIS = YES;
				CLANG_WARN_STRICT_PROTOTYPES = YES;
				CLANG_WARN_SUSPICIOUS_MOVE = YES;
				CLANG_WARN_UNGUARDED_AVAILABILITY = YES_AGGRESSIVE;
				CLANG_WARN_UNREACHABLE_CODE = YES;
				CLANG_WARN__DUPLICATE_METHOD_MATCH = YES;
				COPY_PHASE_STRIP = NO;
				DEBUG_INFORMATION_FORMAT = dwarf;
				ENABLE_STRICT_OBJC_MSGSEND = YES;
				ENABLE_TESTABILITY = YES;
				GCC_C_LANGUAGE_STANDARD = gnu11;
				GCC_DYNAMIC_NO_PIC = NO;
				GCC_NO_COMMON_BLOCKS = YES;
				GCC_OPTIMIZATION_LEVEL = 0;
				GCC_PREPROCESSOR_DEFINITIONS = (
					"DEBUG=1",
					"$(inherited)",
				);
				GCC_WARN_64_TO_32_BIT_CONVERSION = YES;
				GCC_WARN_ABOUT_RETURN_TYPE = YES_ERROR;
				GCC_WARN_UNDECLARED_SELECTOR = YES;
				GCC_WARN_UNINITIALIZED_AUTOS = YES_AGGRESSIVE;
				GCC_WARN_UNUSED_FUNCTION = YES;
				GCC_WARN_UNUSED_VARIABLE = YES;
				IPHONEOS_DEPLOYMENT_TARGET = 15.0;
				MTL_ENABLE_DEBUG_INFO = INCLUDE_SOURCE;
				MTL_FAST_MATH = YES;
				ONLY_ACTIVE_ARCH = YES;
				SDKROOT = iphoneos;
				SWIFT_ACTIVE_COMPILATION_CONDITIONS = DEBUG;
				SWIFT_OPTIMIZATION_LEVEL = "-Onone";
			};
			name = Debug;
		};
		00B8A23827792B60002C11BD /* Release */ = {
			isa = XCBuildConfiguration;
			buildSettings = {
				ALWAYS_SEARCH_USER_PATHS = NO;
				CLANG_ANALYZER_NONNULL = YES;
				CLANG_ANALYZER_NUMBER_OBJECT_CONVERSION = YES_AGGRESSIVE;
				CLANG_CXX_LANGUAGE_STANDARD = "gnu++17";
				CLANG_CXX_LIBRARY = "libc++";
				CLANG_ENABLE_MODULES = YES;
				CLANG_ENABLE_OBJC_ARC = YES;
				CLANG_ENABLE_OBJC_WEAK = YES;
				CLANG_WARN_BLOCK_CAPTURE_AUTORELEASING = YES;
				CLANG_WARN_BOOL_CONVERSION = YES;
				CLANG_WARN_COMMA = YES;
				CLANG_WARN_CONSTANT_CONVERSION = YES;
				CLANG_WARN_DEPRECATED_OBJC_IMPLEMENTATIONS = YES;
				CLANG_WARN_DIRECT_OBJC_ISA_USAGE = YES_ERROR;
				CLANG_WARN_DOCUMENTATION_COMMENTS = YES;
				CLANG_WARN_EMPTY_BODY = YES;
				CLANG_WARN_ENUM_CONVERSION = YES;
				CLANG_WARN_INFINITE_RECURSION = YES;
				CLANG_WARN_INT_CONVERSION = YES;
				CLANG_WARN_NON_LITERAL_NULL_CONVERSION = YES;
				CLANG_WARN_OBJC_IMPLICIT_RETAIN_SELF = YES;
				CLANG_WARN_OBJC_LITERAL_CONVERSION = YES;
				CLANG_WARN_OBJC_ROOT_CLASS = YES_ERROR;
				CLANG_WARN_QUOTED_INCLUDE_IN_FRAMEWORK_HEADER = YES;
				CLANG_WARN_RANGE_LOOP_ANALYSIS = YES;
				CLANG_WARN_STRICT_PROTOTYPES = YES;
				CLANG_WARN_SUSPICIOUS_MOVE = YES;
				CLANG_WARN_UNGUARDED_AVAILABILITY = YES_AGGRESSIVE;
				CLANG_WARN_UNREACHABLE_CODE = YES;
				CLANG_WARN__DUPLICATE_METHOD_MATCH = YES;
				COPY_PHASE_STRIP = NO;
				DEBUG_INFORMATION_FORMAT = "dwarf-with-dsym";
				ENABLE_NS_ASSERTIONS = NO;
				ENABLE_STRICT_OBJC_MSGSEND = YES;
				GCC_C_LANGUAGE_STANDARD = gnu11;
				GCC_NO_COMMON_BLOCKS = YES;
				GCC_WARN_64_TO_32_BIT_CONVERSION = YES;
				GCC_WARN_ABOUT_RETURN_TYPE = YES_ERROR;
				GCC_WARN_UNDECLARED_SELECTOR = YES;
				GCC_WARN_UNINITIALIZED_AUTOS = YES_AGGRESSIVE;
				GCC_WARN_UNUSED_FUNCTION = YES;
				GCC_WARN_UNUSED_VARIABLE = YES;
				IPHONEOS_DEPLOYMENT_TARGET = 15.0;
				MTL_ENABLE_DEBUG_INFO = NO;
				MTL_FAST_MATH = YES;
				SDKROOT = iphoneos;
				SWIFT_COMPILATION_MODE = wholemodule;
				SWIFT_OPTIMIZATION_LEVEL = "-O";
				VALIDATE_PRODUCT = YES;
			};
			name = Release;
		};
		00B8A23A27792B60002C11BD /* Debug */ = {
			isa = XCBuildConfiguration;
			buildSettings = {
				ASSETCATALOG_COMPILER_APPICON_NAME = AppIcon;
				ASSETCATALOG_COMPILER_GLOBAL_ACCENT_COLOR_NAME = AccentColor;
				CODE_SIGN_STYLE = Automatic;
				CURRENT_PROJECT_VERSION = 1;
				DEVELOPMENT_ASSET_PATHS = "\"BrailleTeacher/Preview Content\"";
				DEVELOPMENT_TEAM = 54MQQS737M;
				ENABLE_PREVIEWS = YES;
				GENERATE_INFOPLIST_FILE = YES;
				INFOPLIST_KEY_UIApplicationSceneManifest_Generation = YES;
				INFOPLIST_KEY_UIApplicationSupportsIndirectInputEvents = YES;
				INFOPLIST_KEY_UILaunchScreen_Generation = YES;
				INFOPLIST_KEY_UISupportedInterfaceOrientations_iPad = "UIInterfaceOrientationPortrait UIInterfaceOrientationPortraitUpsideDown UIInterfaceOrientationLandscapeLeft UIInterfaceOrientationLandscapeRight";
				INFOPLIST_KEY_UISupportedInterfaceOrientations_iPhone = "UIInterfaceOrientationPortrait UIInterfaceOrientationLandscapeLeft UIInterfaceOrientationLandscapeRight";
				LD_RUNPATH_SEARCH_PATHS = (
					"$(inherited)",
					"@executable_path/Frameworks",
				);
				MARKETING_VERSION = 1.0;
				PRODUCT_BUNDLE_IDENTIFIER = com.gabecode.BrailleTeacher;
				PRODUCT_NAME = "$(TARGET_NAME)";
				SWIFT_EMIT_LOC_STRINGS = YES;
				SWIFT_VERSION = 5.0;
				TARGETED_DEVICE_FAMILY = "1,2";
			};
			name = Debug;
		};
		00B8A23B27792B60002C11BD /* Release */ = {
			isa = XCBuildConfiguration;
			buildSettings = {
				ASSETCATALOG_COMPILER_APPICON_NAME = AppIcon;
				ASSETCATALOG_COMPILER_GLOBAL_ACCENT_COLOR_NAME = AccentColor;
				CODE_SIGN_STYLE = Automatic;
				CURRENT_PROJECT_VERSION = 1;
				DEVELOPMENT_ASSET_PATHS = "\"BrailleTeacher/Preview Content\"";
				DEVELOPMENT_TEAM = 54MQQS737M;
				ENABLE_PREVIEWS = YES;
				GENERATE_INFOPLIST_FILE = YES;
				INFOPLIST_KEY_UIApplicationSceneManifest_Generation = YES;
				INFOPLIST_KEY_UIApplicationSupportsIndirectInputEvents = YES;
				INFOPLIST_KEY_UILaunchScreen_Generation = YES;
				INFOPLIST_KEY_UISupportedInterfaceOrientations_iPad = "UIInterfaceOrientationPortrait UIInterfaceOrientationPortraitUpsideDown UIInterfaceOrientationLandscapeLeft UIInterfaceOrientationLandscapeRight";
				INFOPLIST_KEY_UISupportedInterfaceOrientations_iPhone = "UIInterfaceOrientationPortrait UIInterfaceOrientationLandscapeLeft UIInterfaceOrientationLandscapeRight";
				LD_RUNPATH_SEARCH_PATHS = (
					"$(inherited)",
					"@executable_path/Frameworks",
				);
				MARKETING_VERSION = 1.0;
				PRODUCT_BUNDLE_IDENTIFIER = com.gabecode.BrailleTeacher;
				PRODUCT_NAME = "$(TARGET_NAME)";
				SWIFT_EMIT_LOC_STRINGS = YES;
				SWIFT_VERSION = 5.0;
				TARGETED_DEVICE_FAMILY = "1,2";
			};
			name = Release;
		};
		00B8A23D27792B60002C11BD /* Debug */ = {
			isa = XCBuildConfiguration;
			buildSettings = {
				ALWAYS_EMBED_SWIFT_STANDARD_LIBRARIES = YES;
				BUNDLE_LOADER = "$(TEST_HOST)";
				CODE_SIGN_STYLE = Automatic;
				CURRENT_PROJECT_VERSION = 1;
				DEVELOPMENT_TEAM = 54MQQS737M;
				GENERATE_INFOPLIST_FILE = YES;
				IPHONEOS_DEPLOYMENT_TARGET = 15.0;
				LD_RUNPATH_SEARCH_PATHS = (
					"$(inherited)",
					"@executable_path/Frameworks",
					"@loader_path/Frameworks",
				);
				MARKETING_VERSION = 1.0;
				PRODUCT_BUNDLE_IDENTIFIER = com.gabecode.BrailleTeacherTests;
				PRODUCT_NAME = "$(TARGET_NAME)";
				SWIFT_EMIT_LOC_STRINGS = NO;
				SWIFT_VERSION = 5.0;
				TARGETED_DEVICE_FAMILY = "1,2";
				TEST_HOST = "$(BUILT_PRODUCTS_DIR)/BrailleTeacher.app/BrailleTeacher";
			};
			name = Debug;
		};
		00B8A23E27792B60002C11BD /* Release */ = {
			isa = XCBuildConfiguration;
			buildSettings = {
				ALWAYS_EMBED_SWIFT_STANDARD_LIBRARIES = YES;
				BUNDLE_LOADER = "$(TEST_HOST)";
				CODE_SIGN_STYLE = Automatic;
				CURRENT_PROJECT_VERSION = 1;
				DEVELOPMENT_TEAM = 54MQQS737M;
				GENERATE_INFOPLIST_FILE = YES;
				IPHONEOS_DEPLOYMENT_TARGET = 15.0;
				LD_RUNPATH_SEARCH_PATHS = (
					"$(inherited)",
					"@executable_path/Frameworks",
					"@loader_path/Frameworks",
				);
				MARKETING_VERSION = 1.0;
				PRODUCT_BUNDLE_IDENTIFIER = com.gabecode.BrailleTeacherTests;
				PRODUCT_NAME = "$(TARGET_NAME)";
				SWIFT_EMIT_LOC_STRINGS = NO;
				SWIFT_VERSION = 5.0;
				TARGETED_DEVICE_FAMILY = "1,2";
				TEST_HOST = "$(BUILT_PRODUCTS_DIR)/BrailleTeacher.app/BrailleTeacher";
			};
			name = Release;
		};
		00B8A24027792B60002C11BD /* Debug */ = {
			isa = XCBuildConfiguration;
			buildSettings = {
				ALWAYS_EMBED_SWIFT_STANDARD_LIBRARIES = YES;
				CODE_SIGN_STYLE = Automatic;
				CURRENT_PROJECT_VERSION = 1;
				DEVELOPMENT_TEAM = 54MQQS737M;
				GENERATE_INFOPLIST_FILE = YES;
				LD_RUNPATH_SEARCH_PATHS = (
					"$(inherited)",
					"@executable_path/Frameworks",
					"@loader_path/Frameworks",
				);
				MARKETING_VERSION = 1.0;
				PRODUCT_BUNDLE_IDENTIFIER = com.gabecode.BrailleTeacherUITests;
				PRODUCT_NAME = "$(TARGET_NAME)";
				SWIFT_EMIT_LOC_STRINGS = NO;
				SWIFT_VERSION = 5.0;
				TARGETED_DEVICE_FAMILY = "1,2";
				TEST_TARGET_NAME = BrailleTeacher;
			};
			name = Debug;
		};
		00B8A24127792B60002C11BD /* Release */ = {
			isa = XCBuildConfiguration;
			buildSettings = {
				ALWAYS_EMBED_SWIFT_STANDARD_LIBRARIES = YES;
				CODE_SIGN_STYLE = Automatic;
				CURRENT_PROJECT_VERSION = 1;
				DEVELOPMENT_TEAM = 54MQQS737M;
				GENERATE_INFOPLIST_FILE = YES;
				LD_RUNPATH_SEARCH_PATHS = (
					"$(inherited)",
					"@executable_path/Frameworks",
					"@loader_path/Frameworks",
				);
				MARKETING_VERSION = 1.0;
				PRODUCT_BUNDLE_IDENTIFIER = com.gabecode.BrailleTeacherUITests;
				PRODUCT_NAME = "$(TARGET_NAME)";
				SWIFT_EMIT_LOC_STRINGS = NO;
				SWIFT_VERSION = 5.0;
				TARGETED_DEVICE_FAMILY = "1,2";
				TEST_TARGET_NAME = BrailleTeacher;
			};
			name = Release;
		};
/* End XCBuildConfiguration section */

/* Begin XCConfigurationList section */
		00B8A21027792B5C002C11BD /* Build configuration list for PBXProject "BrailleTeacher" */ = {
			isa = XCConfigurationList;
			buildConfigurations = (
				00B8A23727792B60002C11BD /* Debug */,
				00B8A23827792B60002C11BD /* Release */,
			);
			defaultConfigurationIsVisible = 0;
			defaultConfigurationName = Release;
		};
		00B8A23927792B60002C11BD /* Build configuration list for PBXNativeTarget "BrailleTeacher" */ = {
			isa = XCConfigurationList;
			buildConfigurations = (
				00B8A23A27792B60002C11BD /* Debug */,
				00B8A23B27792B60002C11BD /* Release */,
			);
			defaultConfigurationIsVisible = 0;
			defaultConfigurationName = Release;
		};
		00B8A23C27792B60002C11BD /* Build configuration list for PBXNativeTarget "BrailleTeacherTests" */ = {
			isa = XCConfigurationList;
			buildConfigurations = (
				00B8A23D27792B60002C11BD /* Debug */,
				00B8A23E27792B60002C11BD /* Release */,
			);
			defaultConfigurationIsVisible = 0;
			defaultConfigurationName = Release;
		};
		00B8A23F27792B60002C11BD /* Build configuration list for PBXNativeTarget "BrailleTeacherUITests" */ = {
			isa = XCConfigurationList;
			buildConfigurations = (
				00B8A24027792B60002C11BD /* Debug */,
				00B8A24127792B60002C11BD /* Release */,
			);
			defaultConfigurationIsVisible = 0;
			defaultConfigurationName = Release;
		};
/* End XCConfigurationList section */
	};
	rootObject = 00B8A20D27792B5C002C11BD /* Project object */;
}
